// !$*UTF8*$!
{
	archiveVersion = 1;
	classes = {
	};
	objectVersion = 48;
	objects = {

/* Begin PBXBuildFile section */
		620B05FF22670FB300894226 /* InteractiveViewController.swift in Sources */ = {isa = PBXBuildFile; fileRef = 620B05FE22670FB300894226 /* InteractiveViewController.swift */; };
		6B2962A4204D0C83006DA212 /* AppDelegate.swift in Sources */ = {isa = PBXBuildFile; fileRef = 6B2962A3204D0C83006DA212 /* AppDelegate.swift */; };
		6B2962A6204D0C83006DA212 /* ViewController.swift in Sources */ = {isa = PBXBuildFile; fileRef = 6B2962A5204D0C83006DA212 /* ViewController.swift */; };
		6B2962A9204D0C83006DA212 /* Main.storyboard in Resources */ = {isa = PBXBuildFile; fileRef = 6B2962A7204D0C83006DA212 /* Main.storyboard */; };
		6B2962AC204D0C83006DA212 /* PopupView.xcdatamodeld in Sources */ = {isa = PBXBuildFile; fileRef = 6B2962AA204D0C83006DA212 /* PopupView.xcdatamodeld */; };
		6B2962AE204D0C83006DA212 /* Assets.xcassets in Resources */ = {isa = PBXBuildFile; fileRef = 6B2962AD204D0C83006DA212 /* Assets.xcassets */; };
		6B2962B1204D0C83006DA212 /* LaunchScreen.storyboard in Resources */ = {isa = PBXBuildFile; fileRef = 6B2962AF204D0C83006DA212 /* LaunchScreen.storyboard */; };
		6B2962BD204D0CAD006DA212 /* AlertButton.swift in Sources */ = {isa = PBXBuildFile; fileRef = 6B2962B9204D0CAD006DA212 /* AlertButton.swift */; };
		6B2962BE204D0CAD006DA212 /* AlertButton.xib in Resources */ = {isa = PBXBuildFile; fileRef = 6B2962BA204D0CAD006DA212 /* AlertButton.xib */; };
		6B2962BF204D0CAD006DA212 /* AlertViewController.swift in Sources */ = {isa = PBXBuildFile; fileRef = 6B2962BB204D0CAD006DA212 /* AlertViewController.swift */; };
		6B2962C0204D0CAD006DA212 /* AlertViewController.xib in Resources */ = {isa = PBXBuildFile; fileRef = 6B2962BC204D0CAD006DA212 /* AlertViewController.xib */; };
/* End PBXBuildFile section */

/* Begin PBXFileReference section */
		620B05FE22670FB300894226 /* InteractiveViewController.swift */ = {isa = PBXFileReference; lastKnownFileType = sourcecode.swift; path = InteractiveViewController.swift; sourceTree = "<group>"; };
		6B2962A0204D0C83006DA212 /* PopupView.app */ = {isa = PBXFileReference; explicitFileType = wrapper.application; includeInIndex = 0; path = PopupView.app; sourceTree = BUILT_PRODUCTS_DIR; };
		6B2962A3204D0C83006DA212 /* AppDelegate.swift */ = {isa = PBXFileReference; lastKnownFileType = sourcecode.swift; path = AppDelegate.swift; sourceTree = "<group>"; };
		6B2962A5204D0C83006DA212 /* ViewController.swift */ = {isa = PBXFileReference; lastKnownFileType = sourcecode.swift; path = ViewController.swift; sourceTree = "<group>"; };
		6B2962A8204D0C83006DA212 /* Base */ = {isa = PBXFileReference; lastKnownFileType = file.storyboard; name = Base; path = Base.lproj/Main.storyboard; sourceTree = "<group>"; };
		6B2962AB204D0C83006DA212 /* PopupView.xcdatamodel */ = {isa = PBXFileReference; lastKnownFileType = wrapper.xcdatamodel; path = PopupView.xcdatamodel; sourceTree = "<group>"; };
		6B2962AD204D0C83006DA212 /* Assets.xcassets */ = {isa = PBXFileReference; lastKnownFileType = folder.assetcatalog; path = Assets.xcassets; sourceTree = "<group>"; };
		6B2962B0204D0C83006DA212 /* Base */ = {isa = PBXFileReference; lastKnownFileType = file.storyboard; name = Base; path = Base.lproj/LaunchScreen.storyboard; sourceTree = "<group>"; };
		6B2962B2204D0C83006DA212 /* Info.plist */ = {isa = PBXFileReference; lastKnownFileType = text.plist.xml; path = Info.plist; sourceTree = "<group>"; };
		6B2962B9204D0CAD006DA212 /* AlertButton.swift */ = {isa = PBXFileReference; fileEncoding = 4; lastKnownFileType = sourcecode.swift; path = AlertButton.swift; sourceTree = "<group>"; };
		6B2962BA204D0CAD006DA212 /* AlertButton.xib */ = {isa = PBXFileReference; fileEncoding = 4; lastKnownFileType = file.xib; path = AlertButton.xib; sourceTree = "<group>"; };
		6B2962BB204D0CAD006DA212 /* AlertViewController.swift */ = {isa = PBXFileReference; fileEncoding = 4; lastKnownFileType = sourcecode.swift; path = AlertViewController.swift; sourceTree = "<group>"; };
		6B2962BC204D0CAD006DA212 /* AlertViewController.xib */ = {isa = PBXFileReference; fileEncoding = 4; lastKnownFileType = file.xib; path = AlertViewController.xib; sourceTree = "<group>"; };
/* End PBXFileReference section */

/* Begin PBXFrameworksBuildPhase section */
		6B29629D204D0C83006DA212 /* Frameworks */ = {
			isa = PBXFrameworksBuildPhase;
			buildActionMask = 2147483647;
			files = (
			);
			runOnlyForDeploymentPostprocessing = 0;
		};
/* End PBXFrameworksBuildPhase section */

/* Begin PBXGroup section */
		6B296297204D0C83006DA212 = {
			isa = PBXGroup;
			children = (
				6B2962A2204D0C83006DA212 /* PopupView */,
				6B2962A1204D0C83006DA212 /* Products */,
			);
			sourceTree = "<group>";
		};
		6B2962A1204D0C83006DA212 /* Products */ = {
			isa = PBXGroup;
			children = (
				6B2962A0204D0C83006DA212 /* PopupView.app */,
			);
			name = Products;
			sourceTree = "<group>";
		};
		6B2962A2204D0C83006DA212 /* PopupView */ = {
			isa = PBXGroup;
			children = (
				6B2962B8204D0CAD006DA212 /* Popup */,
				6B2962A3204D0C83006DA212 /* AppDelegate.swift */,
				6B2962A5204D0C83006DA212 /* ViewController.swift */,
				6B2962A7204D0C83006DA212 /* Main.storyboard */,
				6B2962AD204D0C83006DA212 /* Assets.xcassets */,
				6B2962AF204D0C83006DA212 /* LaunchScreen.storyboard */,
				6B2962B2204D0C83006DA212 /* Info.plist */,
				6B2962AA204D0C83006DA212 /* PopupView.xcdatamodeld */,
			);
			path = PopupView;
			sourceTree = "<group>";
		};
		6B2962B8204D0CAD006DA212 /* Popup */ = {
			isa = PBXGroup;
			children = (
				6B2962B9204D0CAD006DA212 /* AlertButton.swift */,
				6B2962BA204D0CAD006DA212 /* AlertButton.xib */,
				6B2962BB204D0CAD006DA212 /* AlertViewController.swift */,
				6B2962BC204D0CAD006DA212 /* AlertViewController.xib */,
				620B05FE22670FB300894226 /* InteractiveViewController.swift */,
			);
			path = Popup;
			sourceTree = "<group>";
		};
/* End PBXGroup section */

/* Begin PBXNativeTarget section */
		6B29629F204D0C83006DA212 /* PopupView */ = {
			isa = PBXNativeTarget;
			buildConfigurationList = 6B2962B5204D0C83006DA212 /* Build configuration list for PBXNativeTarget "PopupView" */;
			buildPhases = (
				6B29629C204D0C83006DA212 /* Sources */,
				6B29629D204D0C83006DA212 /* Frameworks */,
				6B29629E204D0C83006DA212 /* Resources */,
			);
			buildRules = (
			);
			dependencies = (
			);
			name = PopupView;
			productName = PopupView;
			productReference = 6B2962A0204D0C83006DA212 /* PopupView.app */;
			productType = "com.apple.product-type.application";
		};
/* End PBXNativeTarget section */

/* Begin PBXProject section */
		6B296298204D0C83006DA212 /* Project object */ = {
			isa = PBXProject;
			attributes = {
				LastSwiftUpdateCheck = 0920;
				LastUpgradeCheck = 0920;
				ORGANIZATIONNAME = "Sarim Ashfaq";
				TargetAttributes = {
					6B29629F204D0C83006DA212 = {
						CreatedOnToolsVersion = 9.2;
						ProvisioningStyle = Automatic;
					};
				};
			};
			buildConfigurationList = 6B29629B204D0C83006DA212 /* Build configuration list for PBXProject "PopupView" */;
			compatibilityVersion = "Xcode 8.0";
			developmentRegion = en;
			hasScannedForEncodings = 0;
			knownRegions = (
				en,
				Base,
			);
			mainGroup = 6B296297204D0C83006DA212;
			productRefGroup = 6B2962A1204D0C83006DA212 /* Products */;
			projectDirPath = "";
			projectRoot = "";
			targets = (
				6B29629F204D0C83006DA212 /* PopupView */,
			);
		};
/* End PBXProject section */

/* Begin PBXResourcesBuildPhase section */
		6B29629E204D0C83006DA212 /* Resources */ = {
			isa = PBXResourcesBuildPhase;
			buildActionMask = 2147483647;
			files = (
				6B2962BE204D0CAD006DA212 /* AlertButton.xib in Resources */,
				6B2962B1204D0C83006DA212 /* LaunchScreen.storyboard in Resources */,
				6B2962AE204D0C83006DA212 /* Assets.xcassets in Resources */,
				6B2962A9204D0C83006DA212 /* Main.storyboard in Resources */,
				6B2962C0204D0CAD006DA212 /* AlertViewController.xib in Resources */,
			);
			runOnlyForDeploymentPostprocessing = 0;
		};
/* End PBXResourcesBuildPhase section */

/* Begin PBXSourcesBuildPhase section */
		6B29629C204D0C83006DA212 /* Sources */ = {
			isa = PBXSourcesBuildPhase;
			buildActionMask = 2147483647;
			files = (
				6B2962BD204D0CAD006DA212 /* AlertButton.swift in Sources */,
				6B2962AC204D0C83006DA212 /* PopupView.xcdatamodeld in Sources */,
				6B2962A6204D0C83006DA212 /* ViewController.swift in Sources */,
				620B05FF22670FB300894226 /* InteractiveViewController.swift in Sources */,
				6B2962BF204D0CAD006DA212 /* AlertViewController.swift in Sources */,
				6B2962A4204D0C83006DA212 /* AppDelegate.swift in Sources */,
			);
			runOnlyForDeploymentPostprocessing = 0;
		};
/* End PBXSourcesBuildPhase section */

/* Begin PBXVariantGroup section */
		6B2962A7204D0C83006DA212 /* Main.storyboard */ = {
			isa = PBXVariantGroup;
			children = (
				6B2962A8204D0C83006DA212 /* Base */,
			);
			name = Main.storyboard;
			sourceTree = "<group>";
		};
		6B2962AF204D0C83006DA212 /* LaunchScreen.storyboard */ = {
			isa = PBXVariantGroup;
			children = (
				6B2962B0204D0C83006DA212 /* Base */,
			);
			name = LaunchScreen.storyboard;
			sourceTree = "<group>";
		};
/* End PBXVariantGroup section */

/* Begin XCBuildConfiguration section */
		6B2962B3204D0C83006DA212 /* Debug */ = {
			isa = XCBuildConfiguration;
			buildSettings = {
				ALWAYS_SEARCH_USER_PATHS = NO;
				CLANG_ANALYZER_NONNULL = YES;
				CLANG_ANALYZER_NUMBER_OBJECT_CONVERSION = YES_AGGRESSIVE;
				CLANG_CXX_LANGUAGE_STANDARD = "gnu++14";
				CLANG_CXX_LIBRARY = "libc++";
				CLANG_ENABLE_MODULES = YES;
				CLANG_ENABLE_OBJC_ARC = YES;
				CLANG_WARN_BLOCK_CAPTURE_AUTORELEASING = YES;
				CLANG_WARN_BOOL_CONVERSION = YES;
				CLANG_WARN_COMMA = YES;
				CLANG_WARN_CONSTANT_CONVERSION = YES;
				CLANG_WARN_DIRECT_OBJC_ISA_USAGE = YES_ERROR;
				CLANG_WARN_DOCUMENTATION_COMMENTS = YES;
				CLANG_WARN_EMPTY_BODY = YES;
				CLANG_WARN_ENUM_CONVERSION = YES;
				CLANG_WARN_INFINITE_RECURSION = YES;
				CLANG_WARN_INT_CONVERSION = YES;
				CLANG_WARN_NON_LITERAL_NULL_CONVERSION = YES;
				CLANG_WARN_OBJC_LITERAL_CONVERSION = YES;
				CLANG_WARN_OBJC_ROOT_CLASS = YES_ERROR;
				CLANG_WARN_RANGE_LOOP_ANALYSIS = YES;
				CLANG_WARN_STRICT_PROTOTYPES = YES;
				CLANG_WARN_SUSPICIOUS_MOVE = YES;
				CLANG_WARN_UNGUARDED_AVAILABILITY = YES_AGGRESSIVE;
				CLANG_WARN_UNREACHABLE_CODE = YES;
				CLANG_WARN__DUPLICATE_METHOD_MATCH = YES;
				CODE_SIGN_IDENTITY = "iPhone Developer";
				COPY_PHASE_STRIP = NO;
				DEBUG_INFORMATION_FORMAT = dwarf;
				ENABLE_STRICT_OBJC_MSGSEND = YES;
				ENABLE_TESTABILITY = YES;
				GCC_C_LANGUAGE_STANDARD = gnu11;
				GCC_DYNAMIC_NO_PIC = NO;
				GCC_NO_COMMON_BLOCKS = YES;
				GCC_OPTIMIZATION_LEVEL = 0;
				GCC_PREPROCESSOR_DEFINITIONS = (
					"DEBUG=1",
					"$(inherited)",
				);
				GCC_WARN_64_TO_32_BIT_CONVERSION = YES;
				GCC_WARN_ABOUT_RETURN_TYPE = YES_ERROR;
				GCC_WARN_UNDECLARED_SELECTOR = YES;
				GCC_WARN_UNINITIALIZED_AUTOS = YES_AGGRESSIVE;
				GCC_WARN_UNUSED_FUNCTION = YES;
				GCC_WARN_UNUSED_VARIABLE = YES;
				IPHONEOS_DEPLOYMENT_TARGET = 11.2;
				MTL_ENABLE_DEBUG_INFO = YES;
				ONLY_ACTIVE_ARCH = YES;
				SDKROOT = iphoneos;
				SWIFT_ACTIVE_COMPILATION_CONDITIONS = DEBUG;
				SWIFT_OPTIMIZATION_LEVEL = "-Onone";
			};
			name = Debug;
		};
		6B2962B4204D0C83006DA212 /* Release */ = {
			isa = XCBuildConfiguration;
			buildSettings = {
				ALWAYS_SEARCH_USER_PATHS = NO;
				CLANG_ANALYZER_NONNULL = YES;
				CLANG_ANALYZER_NUMBER_OBJECT_CONVERSION = YES_AGGRESSIVE;
				CLANG_CXX_LANGUAGE_STANDARD = "gnu++14";
				CLANG_CXX_LIBRARY = "libc++";
				CLANG_ENABLE_MODULES = YES;
				CLANG_ENABLE_OBJC_ARC = YES;
				CLANG_WARN_BLOCK_CAPTURE_AUTORELEASING = YES;
				CLANG_WARN_BOOL_CONVERSION = YES;
				CLANG_WARN_COMMA = YES;
				CLANG_WARN_CONSTANT_CONVERSION = YES;
				CLANG_WARN_DIRECT_OBJC_ISA_USAGE = YES_ERROR;
				CLANG_WARN_DOCUMENTATION_COMMENTS = YES;
				CLANG_WARN_EMPTY_BODY = YES;
				CLANG_WARN_ENUM_CONVERSION = YES;
				CLANG_WARN_INFINITE_RECURSION = YES;
				CLANG_WARN_INT_CONVERSION = YES;
				CLANG_WARN_NON_LITERAL_NULL_CONVERSION = YES;
				CLANG_WARN_OBJC_LITERAL_CONVERSION = YES;
				CLANG_WARN_OBJC_ROOT_CLASS = YES_ERROR;
				CLANG_WARN_RANGE_LOOP_ANALYSIS = YES;
				CLANG_WARN_STRICT_PROTOTYPES = YES;
				CLANG_WARN_SUSPICIOUS_MOVE = YES;
				CLANG_WARN_UNGUARDED_AVAILABILITY = YES_AGGRESSIVE;
				CLANG_WARN_UNREACHABLE_CODE = YES;
				CLANG_WARN__DUPLICATE_METHOD_MATCH = YES;
				CODE_SIGN_IDENTITY = "iPhone Developer";
				COPY_PHASE_STRIP = NO;
				DEBUG_INFORMATION_FORMAT = "dwarf-with-dsym";
				ENABLE_NS_ASSERTIONS = NO;
				ENABLE_STRICT_OBJC_MSGSEND = YES;
				GCC_C_LANGUAGE_STANDARD = gnu11;
				GCC_NO_COMMON_BLOCKS = YES;
				GCC_WARN_64_TO_32_BIT_CONVERSION = YES;
				GCC_WARN_ABOUT_RETURN_TYPE = YES_ERROR;
				GCC_WARN_UNDECLARED_SELECTOR = YES;
				GCC_WARN_UNINITIALIZED_AUTOS = YES_AGGRESSIVE;
				GCC_WARN_UNUSED_FUNCTION = YES;
				GCC_WARN_UNUSED_VARIABLE = YES;
				IPHONEOS_DEPLOYMENT_TARGET = 11.2;
				MTL_ENABLE_DEBUG_INFO = NO;
				SDKROOT = iphoneos;
				SWIFT_OPTIMIZATION_LEVEL = "-Owholemodule";
				VALIDATE_PRODUCT = YES;
			};
			name = Release;
		};
		6B2962B6204D0C83006DA212 /* Debug */ = {
			isa = XCBuildConfiguration;
			buildSettings = {
				ASSETCATALOG_COMPILER_APPICON_NAME = AppIcon;
				CODE_SIGN_STYLE = Automatic;
				DEVELOPMENT_TEAM = 6RDRZ62R84;
				INFOPLIST_FILE = PopupView/Info.plist;
				IPHONEOS_DEPLOYMENT_TARGET = 9.0;
				LD_RUNPATH_SEARCH_PATHS = "$(inherited) @executable_path/Frameworks";
				PRODUCT_BUNDLE_IDENTIFIER = com.arhamsoft.test;
				PRODUCT_NAME = "$(TARGET_NAME)";
				SWIFT_VERSION = 4.0;
				TARGETED_DEVICE_FAMILY = "1,2";
			};
			name = Debug;
		};
		6B2962B7204D0C83006DA212 /* Release */ = {
			isa = XCBuildConfiguration;
			buildSettings = {
				ASSETCATALOG_COMPILER_APPICON_NAME = AppIcon;
				CODE_SIGN_STYLE = Automatic;
				DEVELOPMENT_TEAM = 6RDRZ62R84;
				INFOPLIST_FILE = PopupView/Info.plist;
				IPHONEOS_DEPLOYMENT_TARGET = 9.0;
				LD_RUNPATH_SEARCH_PATHS = "$(inherited) @executable_path/Frameworks";
				PRODUCT_BUNDLE_IDENTIFIER = com.arhamsoft.test;
				PRODUCT_NAME = "$(TARGET_NAME)";
				SWIFT_VERSION = 4.0;
				TARGETED_DEVICE_FAMILY = "1,2";
			};
			name = Release;
		};
/* End XCBuildConfiguration section */

/* Begin XCConfigurationList section */
		6B29629B204D0C83006DA212 /* Build configuration list for PBXProject "PopupView" */ = {
			isa = XCConfigurationList;
			buildConfigurations = (
				6B2962B3204D0C83006DA212 /* Debug */,
				6B2962B4204D0C83006DA212 /* Release */,
			);
			defaultConfigurationIsVisible = 0;
			defaultConfigurationName = Release;
		};
		6B2962B5204D0C83006DA212 /* Build configuration list for PBXNativeTarget "PopupView" */ = {
			isa = XCConfigurationList;
			buildConfigurations = (
				6B2962B6204D0C83006DA212 /* Debug */,
				6B2962B7204D0C83006DA212 /* Release */,
			);
			defaultConfigurationIsVisible = 0;
			defaultConfigurationName = Release;
		};
/* End XCConfigurationList section */

/* Begin XCVersionGroup section */
		6B2962AA204D0C83006DA212 /* PopupView.xcdatamodeld */ = {
			isa = XCVersionGroup;
			children = (
				6B2962AB204D0C83006DA212 /* PopupView.xcdatamodel */,
			);
			currentVersion = 6B2962AB204D0C83006DA212 /* PopupView.xcdatamodel */;
			path = PopupView.xcdatamodeld;
			sourceTree = "<group>";
			versionGroupType = wrapper.xcdatamodel;
		};
/* End XCVersionGroup section */
	};
	rootObject = 6B296298204D0C83006DA212 /* Project object */;
}
